{
  "name": "@jfd/analog",
  "version": "1.0.0",
  "lockfileVersion": 3,
  "requires": true,
  "packages": {
    "": {
      "name": "@jfd/analog",
      "version": "1.0.0",
      "license": "ISC",
      "dependencies": {
        "@jfd/ess": "^1.0.0"
      }
    },
    "node_modules/@jfd/ess": {
      "version": "1.0.1",
      "resolved": "https://registry.npmjs.org/@jfd/ess/-/ess-1.0.1.tgz",
      "integrity": "sha512-TFAeo15yKk13tMNoxfzMkFbTAPVqYC4rM82q5UI1T7F5d+klDWQ1/uHokn92XzzxPFngzem+DLxyrFuL9pyXLw=="
    }
  }
}
